// !$*UTF8*$!
{
	archiveVersion = 1;
	classes = {
	};
	objectVersion = 56;
	objects = {

/* Begin PBXBuildFile section */
		1817A2612CCFAABC005B2BC8 /* AppDelegate.swift in Sources */ = {isa = PBXBuildFile; fileRef = 1817A2602CCFAABC005B2BC8 /* AppDelegate.swift */; };
		1817A2632CCFAABC005B2BC8 /* SceneDelegate.swift in Sources */ = {isa = PBXBuildFile; fileRef = 1817A2622CCFAABC005B2BC8 /* SceneDelegate.swift */; };
		1817A2652CCFAABC005B2BC8 /* ViewController.swift in Sources */ = {isa = PBXBuildFile; fileRef = 1817A2642CCFAABC005B2BC8 /* ViewController.swift */; };
		1817A2682CCFAABC005B2BC8 /* Base in Resources */ = {isa = PBXBuildFile; fileRef = 1817A2672CCFAABC005B2BC8 /* Base */; };
		1817A26A2CCFAABE005B2BC8 /* Assets.xcassets in Resources */ = {isa = PBXBuildFile; fileRef = 1817A2692CCFAABE005B2BC8 /* Assets.xcassets */; };
		1817A26D2CCFAABE005B2BC8 /* Base in Resources */ = {isa = PBXBuildFile; fileRef = 1817A26C2CCFAABE005B2BC8 /* Base */; };
		1817A2782CCFAABE005B2BC8 /* arquiteturasTests.swift in Sources */ = {isa = PBXBuildFile; fileRef = 1817A2772CCFAABE005B2BC8 /* arquiteturasTests.swift */; };
		1817A2822CCFAABE005B2BC8 /* arquiteturasUITests.swift in Sources */ = {isa = PBXBuildFile; fileRef = 1817A2812CCFAABE005B2BC8 /* arquiteturasUITests.swift */; };
		1817A2842CCFAABE005B2BC8 /* arquiteturasUITestsLaunchTests.swift in Sources */ = {isa = PBXBuildFile; fileRef = 1817A2832CCFAABE005B2BC8 /* arquiteturasUITestsLaunchTests.swift */; };
/* End PBXBuildFile section */

/* Begin PBXContainerItemProxy section */
		1817A2742CCFAABE005B2BC8 /* PBXContainerItemProxy */ = {
			isa = PBXContainerItemProxy;
			containerPortal = 1817A2552CCFAABC005B2BC8 /* Project object */;
			proxyType = 1;
			remoteGlobalIDString = 1817A25C2CCFAABC005B2BC8;
			remoteInfo = arquiteturas;
		};
		1817A27E2CCFAABE005B2BC8 /* PBXContainerItemProxy */ = {
			isa = PBXContainerItemProxy;
			containerPortal = 1817A2552CCFAABC005B2BC8 /* Project object */;
			proxyType = 1;
			remoteGlobalIDString = 1817A25C2CCFAABC005B2BC8;
			remoteInfo = arquiteturas;
		};
/* End PBXContainerItemProxy section */

/* Begin PBXFileReference section */
		1817A25D2CCFAABC005B2BC8 /* arquiteturas.app */ = {isa = PBXFileReference; explicitFileType = wrapper.application; includeInIndex = 0; path = arquiteturas.app; sourceTree = BUILT_PRODUCTS_DIR; };
		1817A2602CCFAABC005B2BC8 /* AppDelegate.swift */ = {isa = PBXFileReference; lastKnownFileType = sourcecode.swift; path = AppDelegate.swift; sourceTree = "<group>"; };
		1817A2622CCFAABC005B2BC8 /* SceneDelegate.swift */ = {isa = PBXFileReference; lastKnownFileType = sourcecode.swift; path = SceneDelegate.swift; sourceTree = "<group>"; };
		1817A2642CCFAABC005B2BC8 /* ViewController.swift */ = {isa = PBXFileReference; lastKnownFileType = sourcecode.swift; path = ViewController.swift; sourceTree = "<group>"; };
		1817A2672CCFAABC005B2BC8 /* Base */ = {isa = PBXFileReference; lastKnownFileType = file.storyboard; name = Base; path = Base.lproj/Main.storyboard; sourceTree = "<group>"; };
		1817A2692CCFAABE005B2BC8 /* Assets.xcassets */ = {isa = PBXFileReference; lastKnownFileType = folder.assetcatalog; path = Assets.xcassets; sourceTree = "<group>"; };
		1817A26C2CCFAABE005B2BC8 /* Base */ = {isa = PBXFileReference; lastKnownFileType = file.storyboard; name = Base; path = Base.lproj/LaunchScreen.storyboard; sourceTree = "<group>"; };
		1817A26E2CCFAABE005B2BC8 /* Info.plist */ = {isa = PBXFileReference; lastKnownFileType = text.plist.xml; path = Info.plist; sourceTree = "<group>"; };
		1817A2732CCFAABE005B2BC8 /* arquiteturasTests.xctest */ = {isa = PBXFileReference; explicitFileType = wrapper.cfbundle; includeInIndex = 0; path = arquiteturasTests.xctest; sourceTree = BUILT_PRODUCTS_DIR; };
		1817A2772CCFAABE005B2BC8 /* arquiteturasTests.swift */ = {isa = PBXFileReference; lastKnownFileType = sourcecode.swift; path = arquiteturasTests.swift; sourceTree = "<group>"; };
		1817A27D2CCFAABE005B2BC8 /* arquiteturasUITests.xctest */ = {isa = PBXFileReference; explicitFileType = wrapper.cfbundle; includeInIndex = 0; path = arquiteturasUITests.xctest; sourceTree = BUILT_PRODUCTS_DIR; };
		1817A2812CCFAABE005B2BC8 /* arquiteturasUITests.swift */ = {isa = PBXFileReference; lastKnownFileType = sourcecode.swift; path = arquiteturasUITests.swift; sourceTree = "<group>"; };
		1817A2832CCFAABE005B2BC8 /* arquiteturasUITestsLaunchTests.swift */ = {isa = PBXFileReference; lastKnownFileType = sourcecode.swift; path = arquiteturasUITestsLaunchTests.swift; sourceTree = "<group>"; };
/* End PBXFileReference section */

/* Begin PBXFrameworksBuildPhase section */
		1817A25A2CCFAABC005B2BC8 /* Frameworks */ = {
			isa = PBXFrameworksBuildPhase;
			buildActionMask = 2147483647;
			files = (
			);
			runOnlyForDeploymentPostprocessing = 0;
		};
		1817A2702CCFAABE005B2BC8 /* Frameworks */ = {
			isa = PBXFrameworksBuildPhase;
			buildActionMask = 2147483647;
			files = (
			);
			runOnlyForDeploymentPostprocessing = 0;
		};
		1817A27A2CCFAABE005B2BC8 /* Frameworks */ = {
			isa = PBXFrameworksBuildPhase;
			buildActionMask = 2147483647;
			files = (
			);
			runOnlyForDeploymentPostprocessing = 0;
		};
/* End PBXFrameworksBuildPhase section */

/* Begin PBXGroup section */
		1817A2542CCFAABC005B2BC8 = {
			isa = PBXGroup;
			children = (
				1817A25F2CCFAABC005B2BC8 /* arquiteturas */,
				1817A2762CCFAABE005B2BC8 /* arquiteturasTests */,
				1817A2802CCFAABE005B2BC8 /* arquiteturasUITests */,
				1817A25E2CCFAABC005B2BC8 /* Products */,
			);
			sourceTree = "<group>";
		};
		1817A25E2CCFAABC005B2BC8 /* Products */ = {
			isa = PBXGroup;
			children = (
				1817A25D2CCFAABC005B2BC8 /* arquiteturas.app */,
				1817A2732CCFAABE005B2BC8 /* arquiteturasTests.xctest */,
				1817A27D2CCFAABE005B2BC8 /* arquiteturasUITests.xctest */,
			);
			name = Products;
			sourceTree = "<group>";
		};
		1817A25F2CCFAABC005B2BC8 /* arquiteturas */ = {
			isa = PBXGroup;
			children = (
				1817A2602CCFAABC005B2BC8 /* AppDelegate.swift */,
				1817A2622CCFAABC005B2BC8 /* SceneDelegate.swift */,
				1817A2642CCFAABC005B2BC8 /* ViewController.swift */,
				1817A2662CCFAABC005B2BC8 /* Main.storyboard */,
				1817A2692CCFAABE005B2BC8 /* Assets.xcassets */,
				1817A26B2CCFAABE005B2BC8 /* LaunchScreen.storyboard */,
				1817A26E2CCFAABE005B2BC8 /* Info.plist */,
			);
			path = arquiteturas;
			sourceTree = "<group>";
		};
		1817A2762CCFAABE005B2BC8 /* arquiteturasTests */ = {
			isa = PBXGroup;
			children = (
				1817A2772CCFAABE005B2BC8 /* arquiteturasTests.swift */,
			);
			path = arquiteturasTests;
			sourceTree = "<group>";
		};
		1817A2802CCFAABE005B2BC8 /* arquiteturasUITests */ = {
			isa = PBXGroup;
			children = (
				1817A2812CCFAABE005B2BC8 /* arquiteturasUITests.swift */,
				1817A2832CCFAABE005B2BC8 /* arquiteturasUITestsLaunchTests.swift */,
			);
			path = arquiteturasUITests;
			sourceTree = "<group>";
		};
/* End PBXGroup section */

/* Begin PBXNativeTarget section */
		1817A25C2CCFAABC005B2BC8 /* arquiteturas */ = {
			isa = PBXNativeTarget;
			buildConfigurationList = 1817A2872CCFAABE005B2BC8 /* Build configuration list for PBXNativeTarget "arquiteturas" */;
			buildPhases = (
				1817A2592CCFAABC005B2BC8 /* Sources */,
				1817A25A2CCFAABC005B2BC8 /* Frameworks */,
				1817A25B2CCFAABC005B2BC8 /* Resources */,
			);
			buildRules = (
			);
			dependencies = (
			);
			name = arquiteturas;
			productName = arquiteturas;
			productReference = 1817A25D2CCFAABC005B2BC8 /* arquiteturas.app */;
			productType = "com.apple.product-type.application";
		};
		1817A2722CCFAABE005B2BC8 /* arquiteturasTests */ = {
			isa = PBXNativeTarget;
			buildConfigurationList = 1817A28A2CCFAABE005B2BC8 /* Build configuration list for PBXNativeTarget "arquiteturasTests" */;
			buildPhases = (
				1817A26F2CCFAABE005B2BC8 /* Sources */,
				1817A2702CCFAABE005B2BC8 /* Frameworks */,
				1817A2712CCFAABE005B2BC8 /* Resources */,
			);
			buildRules = (
			);
			dependencies = (
				1817A2752CCFAABE005B2BC8 /* PBXTargetDependency */,
			);
			name = arquiteturasTests;
			productName = arquiteturasTests;
			productReference = 1817A2732CCFAABE005B2BC8 /* arquiteturasTests.xctest */;
			productType = "com.apple.product-type.bundle.unit-test";
		};
		1817A27C2CCFAABE005B2BC8 /* arquiteturasUITests */ = {
			isa = PBXNativeTarget;
			buildConfigurationList = 1817A28D2CCFAABE005B2BC8 /* Build configuration list for PBXNativeTarget "arquiteturasUITests" */;
			buildPhases = (
				1817A2792CCFAABE005B2BC8 /* Sources */,
				1817A27A2CCFAABE005B2BC8 /* Frameworks */,
				1817A27B2CCFAABE005B2BC8 /* Resources */,
			);
			buildRules = (
			);
			dependencies = (
				1817A27F2CCFAABE005B2BC8 /* PBXTargetDependency */,
			);
			name = arquiteturasUITests;
			productName = arquiteturasUITests;
			productReference = 1817A27D2CCFAABE005B2BC8 /* arquiteturasUITests.xctest */;
			productType = "com.apple.product-type.bundle.ui-testing";
		};
/* End PBXNativeTarget section */

/* Begin PBXProject section */
		1817A2552CCFAABC005B2BC8 /* Project object */ = {
			isa = PBXProject;
			attributes = {
				BuildIndependentTargetsInParallel = 1;
				LastSwiftUpdateCheck = 1540;
				LastUpgradeCheck = 1540;
				TargetAttributes = {
					1817A25C2CCFAABC005B2BC8 = {
						CreatedOnToolsVersion = 15.4;
					};
					1817A2722CCFAABE005B2BC8 = {
						CreatedOnToolsVersion = 15.4;
						TestTargetID = 1817A25C2CCFAABC005B2BC8;
					};
					1817A27C2CCFAABE005B2BC8 = {
						CreatedOnToolsVersion = 15.4;
						TestTargetID = 1817A25C2CCFAABC005B2BC8;
					};
				};
			};
			buildConfigurationList = 1817A2582CCFAABC005B2BC8 /* Build configuration list for PBXProject "arquiteturas" */;
			compatibilityVersion = "Xcode 14.0";
			developmentRegion = en;
			hasScannedForEncodings = 0;
			knownRegions = (
				en,
				Base,
			);
			mainGroup = 1817A2542CCFAABC005B2BC8;
			productRefGroup = 1817A25E2CCFAABC005B2BC8 /* Products */;
			projectDirPath = "";
			projectRoot = "";
			targets = (
				1817A25C2CCFAABC005B2BC8 /* arquiteturas */,
				1817A2722CCFAABE005B2BC8 /* arquiteturasTests */,
				1817A27C2CCFAABE005B2BC8 /* arquiteturasUITests */,
			);
		};
/* End PBXProject section */

/* Begin PBXResourcesBuildPhase section */
		1817A25B2CCFAABC005B2BC8 /* Resources */ = {
			isa = PBXResourcesBuildPhase;
			buildActionMask = 2147483647;
			files = (
				1817A26A2CCFAABE005B2BC8 /* Assets.xcassets in Resources */,
				1817A26D2CCFAABE005B2BC8 /* Base in Resources */,
				1817A2682CCFAABC005B2BC8 /* Base in Resources */,
			);
			runOnlyForDeploymentPostprocessing = 0;
		};
		1817A2712CCFAABE005B2BC8 /* Resources */ = {
			isa = PBXResourcesBuildPhase;
			buildActionMask = 2147483647;
			files = (
			);
			runOnlyForDeploymentPostprocessing = 0;
		};
		1817A27B2CCFAABE005B2BC8 /* Resources */ = {
			isa = PBXResourcesBuildPhase;
			buildActionMask = 2147483647;
			files = (
			);
			runOnlyForDeploymentPostprocessing = 0;
		};
/* End PBXResourcesBuildPhase section */

/* Begin PBXSourcesBuildPhase section */
		1817A2592CCFAABC005B2BC8 /* Sources */ = {
			isa = PBXSourcesBuildPhase;
			buildActionMask = 2147483647;
			files = (
				1817A2652CCFAABC005B2BC8 /* ViewController.swift in Sources */,
				1817A2612CCFAABC005B2BC8 /* AppDelegate.swift in Sources */,
				1817A2632CCFAABC005B2BC8 /* SceneDelegate.swift in Sources */,
			);
			runOnlyForDeploymentPostprocessing = 0;
		};
		1817A26F2CCFAABE005B2BC8 /* Sources */ = {
			isa = PBXSourcesBuildPhase;
			buildActionMask = 2147483647;
			files = (
				1817A2782CCFAABE005B2BC8 /* arquiteturasTests.swift in Sources */,
			);
			runOnlyForDeploymentPostprocessing = 0;
		};
		1817A2792CCFAABE005B2BC8 /* Sources */ = {
			isa = PBXSourcesBuildPhase;
			buildActionMask = 2147483647;
			files = (
				1817A2842CCFAABE005B2BC8 /* arquiteturasUITestsLaunchTests.swift in Sources */,
				1817A2822CCFAABE005B2BC8 /* arquiteturasUITests.swift in Sources */,
			);
			runOnlyForDeploymentPostprocessing = 0;
		};
/* End PBXSourcesBuildPhase section */

/* Begin PBXTargetDependency section */
		1817A2752CCFAABE005B2BC8 /* PBXTargetDependency */ = {
			isa = PBXTargetDependency;
			target = 1817A25C2CCFAABC005B2BC8 /* arquiteturas */;
			targetProxy = 1817A2742CCFAABE005B2BC8 /* PBXContainerItemProxy */;
		};
		1817A27F2CCFAABE005B2BC8 /* PBXTargetDependency */ = {
			isa = PBXTargetDependency;
			target = 1817A25C2CCFAABC005B2BC8 /* arquiteturas */;
			targetProxy = 1817A27E2CCFAABE005B2BC8 /* PBXContainerItemProxy */;
		};
/* End PBXTargetDependency section */

/* Begin PBXVariantGroup section */
		1817A2662CCFAABC005B2BC8 /* Main.storyboard */ = {
			isa = PBXVariantGroup;
			children = (
				1817A2672CCFAABC005B2BC8 /* Base */,
			);
			name = Main.storyboard;
			sourceTree = "<group>";
		};
		1817A26B2CCFAABE005B2BC8 /* LaunchScreen.storyboard */ = {
			isa = PBXVariantGroup;
			children = (
				1817A26C2CCFAABE005B2BC8 /* Base */,
			);
			name = LaunchScreen.storyboard;
			sourceTree = "<group>";
		};
/* End PBXVariantGroup section */

/* Begin XCBuildConfiguration section */
		1817A2852CCFAABE005B2BC8 /* Debug */ = {
			isa = XCBuildConfiguration;
			buildSettings = {
				ALWAYS_SEARCH_USER_PATHS = NO;
				ASSETCATALOG_COMPILER_GENERATE_SWIFT_ASSET_SYMBOL_EXTENSIONS = YES;
				CLANG_ANALYZER_NONNULL = YES;
				CLANG_ANALYZER_NUMBER_OBJECT_CONVERSION = YES_AGGRESSIVE;
				CLANG_CXX_LANGUAGE_STANDARD = "gnu++20";
				CLANG_ENABLE_MODULES = YES;
				CLANG_ENABLE_OBJC_ARC = YES;
				CLANG_ENABLE_OBJC_WEAK = YES;
				CLANG_WARN_BLOCK_CAPTURE_AUTORELEASING = YES;
				CLANG_WARN_BOOL_CONVERSION = YES;
				CLANG_WARN_COMMA = YES;
				CLANG_WARN_CONSTANT_CONVERSION = YES;
				CLANG_WARN_DEPRECATED_OBJC_IMPLEMENTATIONS = YES;
				CLANG_WARN_DIRECT_OBJC_ISA_USAGE = YES_ERROR;
				CLANG_WARN_DOCUMENTATION_COMMENTS = YES;
				CLANG_WARN_EMPTY_BODY = YES;
				CLANG_WARN_ENUM_CONVERSION = YES;
				CLANG_WARN_INFINITE_RECURSION = YES;
				CLANG_WARN_INT_CONVERSION = YES;
				CLANG_WARN_NON_LITERAL_NULL_CONVERSION = YES;
				CLANG_WARN_OBJC_IMPLICIT_RETAIN_SELF = YES;
				CLANG_WARN_OBJC_LITERAL_CONVERSION = YES;
				CLANG_WARN_OBJC_ROOT_CLASS = YES_ERROR;
				CLANG_WARN_QUOTED_INCLUDE_IN_FRAMEWORK_HEADER = YES;
				CLANG_WARN_RANGE_LOOP_ANALYSIS = YES;
				CLANG_WARN_STRICT_PROTOTYPES = YES;
				CLANG_WARN_SUSPICIOUS_MOVE = YES;
				CLANG_WARN_UNGUARDED_AVAILABILITY = YES_AGGRESSIVE;
				CLANG_WARN_UNREACHABLE_CODE = YES;
				CLANG_WARN__DUPLICATE_METHOD_MATCH = YES;
				COPY_PHASE_STRIP = NO;
				DEBUG_INFORMATION_FORMAT = dwarf;
				ENABLE_STRICT_OBJC_MSGSEND = YES;
				ENABLE_TESTABILITY = YES;
				ENABLE_USER_SCRIPT_SANDBOXING = YES;
				GCC_C_LANGUAGE_STANDARD = gnu17;
				GCC_DYNAMIC_NO_PIC = NO;
				GCC_NO_COMMON_BLOCKS = YES;
				GCC_OPTIMIZATION_LEVEL = 0;
				GCC_PREPROCESSOR_DEFINITIONS = (
					"DEBUG=1",
					"$(inherited)",
				);
				GCC_WARN_64_TO_32_BIT_CONVERSION = YES;
				GCC_WARN_ABOUT_RETURN_TYPE = YES_ERROR;
				GCC_WARN_UNDECLARED_SELECTOR = YES;
				GCC_WARN_UNINITIALIZED_AUTOS = YES_AGGRESSIVE;
				GCC_WARN_UNUSED_FUNCTION = YES;
				GCC_WARN_UNUSED_VARIABLE = YES;
				IPHONEOS_DEPLOYMENT_TARGET = 17.5;
				LOCALIZATION_PREFERS_STRING_CATALOGS = YES;
				MTL_ENABLE_DEBUG_INFO = INCLUDE_SOURCE;
				MTL_FAST_MATH = YES;
				ONLY_ACTIVE_ARCH = YES;
				SDKROOT = iphoneos;
				SWIFT_ACTIVE_COMPILATION_CONDITIONS = "DEBUG $(inherited)";
				SWIFT_OPTIMIZATION_LEVEL = "-Onone";
			};
			name = Debug;
		};
		1817A2862CCFAABE005B2BC8 /* Release */ = {
			isa = XCBuildConfiguration;
			buildSettings = {
				ALWAYS_SEARCH_USER_PATHS = NO;
				ASSETCATALOG_COMPILER_GENERATE_SWIFT_ASSET_SYMBOL_EXTENSIONS = YES;
				CLANG_ANALYZER_NONNULL = YES;
				CLANG_ANALYZER_NUMBER_OBJECT_CONVERSION = YES_AGGRESSIVE;
				CLANG_CXX_LANGUAGE_STANDARD = "gnu++20";
				CLANG_ENABLE_MODULES = YES;
				CLANG_ENABLE_OBJC_ARC = YES;
				CLANG_ENABLE_OBJC_WEAK = YES;
				CLANG_WARN_BLOCK_CAPTURE_AUTORELEASING = YES;
				CLANG_WARN_BOOL_CONVERSION = YES;
				CLANG_WARN_COMMA = YES;
				CLANG_WARN_CONSTANT_CONVERSION = YES;
				CLANG_WARN_DEPRECATED_OBJC_IMPLEMENTATIONS = YES;
				CLANG_WARN_DIRECT_OBJC_ISA_USAGE = YES_ERROR;
				CLANG_WARN_DOCUMENTATION_COMMENTS = YES;
				CLANG_WARN_EMPTY_BODY = YES;
				CLANG_WARN_ENUM_CONVERSION = YES;
				CLANG_WARN_INFINITE_RECURSION = YES;
				CLANG_WARN_INT_CONVERSION = YES;
				CLANG_WARN_NON_LITERAL_NULL_CONVERSION = YES;
				CLANG_WARN_OBJC_IMPLICIT_RETAIN_SELF = YES;
				CLANG_WARN_OBJC_LITERAL_CONVERSION = YES;
				CLANG_WARN_OBJC_ROOT_CLASS = YES_ERROR;
				CLANG_WARN_QUOTED_INCLUDE_IN_FRAMEWORK_HEADER = YES;
				CLANG_WARN_RANGE_LOOP_ANALYSIS = YES;
				CLANG_WARN_STRICT_PROTOTYPES = YES;
				CLANG_WARN_SUSPICIOUS_MOVE = YES;
				CLANG_WARN_UNGUARDED_AVAILABILITY = YES_AGGRESSIVE;
				CLANG_WARN_UNREACHABLE_CODE = YES;
				CLANG_WARN__DUPLICATE_METHOD_MATCH = YES;
				COPY_PHASE_STRIP = NO;
				DEBUG_INFORMATION_FORMAT = "dwarf-with-dsym";
				ENABLE_NS_ASSERTIONS = NO;
				ENABLE_STRICT_OBJC_MSGSEND = YES;
				ENABLE_USER_SCRIPT_SANDBOXING = YES;
				GCC_C_LANGUAGE_STANDARD = gnu17;
				GCC_NO_COMMON_BLOCKS = YES;
				GCC_WARN_64_TO_32_BIT_CONVERSION = YES;
				GCC_WARN_ABOUT_RETURN_TYPE = YES_ERROR;
				GCC_WARN_UNDECLARED_SELECTOR = YES;
				GCC_WARN_UNINITIALIZED_AUTOS = YES_AGGRESSIVE;
				GCC_WARN_UNUSED_FUNCTION = YES;
				GCC_WARN_UNUSED_VARIABLE = YES;
				IPHONEOS_DEPLOYMENT_TARGET = 17.5;
				LOCALIZATION_PREFERS_STRING_CATALOGS = YES;
				MTL_ENABLE_DEBUG_INFO = NO;
				MTL_FAST_MATH = YES;
				SDKROOT = iphoneos;
				SWIFT_COMPILATION_MODE = wholemodule;
				VALIDATE_PRODUCT = YES;
			};
			name = Release;
		};
		1817A2882CCFAABE005B2BC8 /* Debug */ = {
			isa = XCBuildConfiguration;
			buildSettings = {
				ASSETCATALOG_COMPILER_APPICON_NAME = AppIcon;
				ASSETCATALOG_COMPILER_GLOBAL_ACCENT_COLOR_NAME = AccentColor;
				CODE_SIGN_STYLE = Automatic;
				CURRENT_PROJECT_VERSION = 1;
				DEVELOPMENT_TEAM = 8MF89G73K4;
				GENERATE_INFOPLIST_FILE = YES;
				INFOPLIST_FILE = arquiteturas/Info.plist;
				INFOPLIST_KEY_UIApplicationSupportsIndirectInputEvents = YES;
				INFOPLIST_KEY_UILaunchStoryboardName = LaunchScreen;
				INFOPLIST_KEY_UIMainStoryboardFile = Main;
				INFOPLIST_KEY_UISupportedInterfaceOrientations_iPad = "UIInterfaceOrientationPortrait UIInterfaceOrientationPortraitUpsideDown UIInterfaceOrientationLandscapeLeft UIInterfaceOrientationLandscapeRight";
				INFOPLIST_KEY_UISupportedInterfaceOrientations_iPhone = "UIInterfaceOrientationPortrait UIInterfaceOrientationLandscapeLeft UIInterfaceOrientationLandscapeRight";
				LD_RUNPATH_SEARCH_PATHS = (
					"$(inherited)",
					"@executable_path/Frameworks",
				);
				MARKETING_VERSION = 1.0;
				PRODUCT_BUNDLE_IDENTIFIER = com.rudrigo.arquiteturas;
				PRODUCT_NAME = "$(TARGET_NAME)";
				SWIFT_EMIT_LOC_STRINGS = YES;
				SWIFT_VERSION = 5.0;
				TARGETED_DEVICE_FAMILY = "1,2";
			};
			name = Debug;
		};
		1817A2892CCFAABE005B2BC8 /* Release */ = {
			isa = XCBuildConfiguration;
			buildSettings = {
				ASSETCATALOG_COMPILER_APPICON_NAME = AppIcon;
				ASSETCATALOG_COMPILER_GLOBAL_ACCENT_COLOR_NAME = AccentColor;
				CODE_SIGN_STYLE = Automatic;
				CURRENT_PROJECT_VERSION = 1;
				DEVELOPMENT_TEAM = 8MF89G73K4;
				GENERATE_INFOPLIST_FILE = YES;
				INFOPLIST_FILE = arquiteturas/Info.plist;
				INFOPLIST_KEY_UIApplicationSupportsIndirectInputEvents = YES;
				INFOPLIST_KEY_UILaunchStoryboardName = LaunchScreen;
				INFOPLIST_KEY_UIMainStoryboardFile = Main;
				INFOPLIST_KEY_UISupportedInterfaceOrientations_iPad = "UIInterfaceOrientationPortrait UIInterfaceOrientationPortraitUpsideDown UIInterfaceOrientationLandscapeLeft UIInterfaceOrientationLandscapeRight";
				INFOPLIST_KEY_UISupportedInterfaceOrientations_iPhone = "UIInterfaceOrientationPortrait UIInterfaceOrientationLandscapeLeft UIInterfaceOrientationLandscapeRight";
				LD_RUNPATH_SEARCH_PATHS = (
					"$(inherited)",
					"@executable_path/Frameworks",
				);
				MARKETING_VERSION = 1.0;
				PRODUCT_BUNDLE_IDENTIFIER = com.rudrigo.arquiteturas;
				PRODUCT_NAME = "$(TARGET_NAME)";
				SWIFT_EMIT_LOC_STRINGS = YES;
				SWIFT_VERSION = 5.0;
				TARGETED_DEVICE_FAMILY = "1,2";
			};
			name = Release;
		};
		1817A28B2CCFAABE005B2BC8 /* Debug */ = {
			isa = XCBuildConfiguration;
			buildSettings = {
				ALWAYS_EMBED_SWIFT_STANDARD_LIBRARIES = YES;
				BUNDLE_LOADER = "$(TEST_HOST)";
				CODE_SIGN_STYLE = Automatic;
				CURRENT_PROJECT_VERSION = 1;
				DEVELOPMENT_TEAM = 8MF89G73K4;
				GENERATE_INFOPLIST_FILE = YES;
				IPHONEOS_DEPLOYMENT_TARGET = 17.5;
				MARKETING_VERSION = 1.0;
				PRODUCT_BUNDLE_IDENTIFIER = com.rudrigo.arquiteturasTests;
				PRODUCT_NAME = "$(TARGET_NAME)";
				SWIFT_EMIT_LOC_STRINGS = NO;
				SWIFT_VERSION = 5.0;
				TARGETED_DEVICE_FAMILY = "1,2";
				TEST_HOST = "$(BUILT_PRODUCTS_DIR)/arquiteturas.app/$(BUNDLE_EXECUTABLE_FOLDER_PATH)/arquiteturas";
			};
			name = Debug;
		};
		1817A28C2CCFAABE005B2BC8 /* Release */ = {
			isa = XCBuildConfiguration;
			buildSettings = {
				ALWAYS_EMBED_SWIFT_STANDARD_LIBRARIES = YES;
				BUNDLE_LOADER = "$(TEST_HOST)";
				CODE_SIGN_STYLE = Automatic;
				CURRENT_PROJECT_VERSION = 1;
				DEVELOPMENT_TEAM = 8MF89G73K4;
				GENERATE_INFOPLIST_FILE = YES;
				IPHONEOS_DEPLOYMENT_TARGET = 17.5;
				MARKETING_VERSION = 1.0;
				PRODUCT_BUNDLE_IDENTIFIER = com.rudrigo.arquiteturasTests;
				PRODUCT_NAME = "$(TARGET_NAME)";
				SWIFT_EMIT_LOC_STRINGS = NO;
				SWIFT_VERSION = 5.0;
				TARGETED_DEVICE_FAMILY = "1,2";
				TEST_HOST = "$(BUILT_PRODUCTS_DIR)/arquiteturas.app/$(BUNDLE_EXECUTABLE_FOLDER_PATH)/arquiteturas";
			};
			name = Release;
		};
		1817A28E2CCFAABE005B2BC8 /* Debug */ = {
			isa = XCBuildConfiguration;
			buildSettings = {
				ALWAYS_EMBED_SWIFT_STANDARD_LIBRARIES = YES;
				CODE_SIGN_STYLE = Automatic;
				CURRENT_PROJECT_VERSION = 1;
				DEVELOPMENT_TEAM = 8MF89G73K4;
				GENERATE_INFOPLIST_FILE = YES;
				MARKETING_VERSION = 1.0;
				PRODUCT_BUNDLE_IDENTIFIER = com.rudrigo.arquiteturasUITests;
				PRODUCT_NAME = "$(TARGET_NAME)";
				SWIFT_EMIT_LOC_STRINGS = NO;
				SWIFT_VERSION = 5.0;
				TARGETED_DEVICE_FAMILY = "1,2";
				TEST_TARGET_NAME = arquiteturas;
			};
			name = Debug;
		};
		1817A28F2CCFAABE005B2BC8 /* Release */ = {
			isa = XCBuildConfiguration;
			buildSettings = {
				ALWAYS_EMBED_SWIFT_STANDARD_LIBRARIES = YES;
				CODE_SIGN_STYLE = Automatic;
				CURRENT_PROJECT_VERSION = 1;
				DEVELOPMENT_TEAM = 8MF89G73K4;
				GENERATE_INFOPLIST_FILE = YES;
				MARKETING_VERSION = 1.0;
				PRODUCT_BUNDLE_IDENTIFIER = com.rudrigo.arquiteturasUITests;
				PRODUCT_NAME = "$(TARGET_NAME)";
				SWIFT_EMIT_LOC_STRINGS = NO;
				SWIFT_VERSION = 5.0;
				TARGETED_DEVICE_FAMILY = "1,2";
				TEST_TARGET_NAME = arquiteturas;
			};
			name = Release;
		};
/* End XCBuildConfiguration section */

/* Begin XCConfigurationList section */
		1817A2582CCFAABC005B2BC8 /* Build configuration list for PBXProject "arquiteturas" */ = {
			isa = XCConfigurationList;
			buildConfigurations = (
				1817A2852CCFAABE005B2BC8 /* Debug */,
				1817A2862CCFAABE005B2BC8 /* Release */,
			);
			defaultConfigurationIsVisible = 0;
			defaultConfigurationName = Release;
		};
		1817A2872CCFAABE005B2BC8 /* Build configuration list for PBXNativeTarget "arquiteturas" */ = {
			isa = XCConfigurationList;
			buildConfigurations = (
				1817A2882CCFAABE005B2BC8 /* Debug */,
				1817A2892CCFAABE005B2BC8 /* Release */,
			);
			defaultConfigurationIsVisible = 0;
			defaultConfigurationName = Release;
		};
		1817A28A2CCFAABE005B2BC8 /* Build configuration list for PBXNativeTarget "arquiteturasTests" */ = {
			isa = XCConfigurationList;
			buildConfigurations = (
				1817A28B2CCFAABE005B2BC8 /* Debug */,
				1817A28C2CCFAABE005B2BC8 /* Release */,
			);
			defaultConfigurationIsVisible = 0;
			defaultConfigurationName = Release;
		};
		1817A28D2CCFAABE005B2BC8 /* Build configuration list for PBXNativeTarget "arquiteturasUITests" */ = {
			isa = XCConfigurationList;
			buildConfigurations = (
				1817A28E2CCFAABE005B2BC8 /* Debug */,
				1817A28F2CCFAABE005B2BC8 /* Release */,
			);
			defaultConfigurationIsVisible = 0;
			defaultConfigurationName = Release;
		};
/* End XCConfigurationList section */
	};
	rootObject = 1817A2552CCFAABC005B2BC8 /* Project object */;
}
